
Microsoft Visual Studio Solution File, Format Version 12.00
# Visual Studio Version 16
VisualStudioVersion = 16.0.29609.76
MinimumVisualStudioVersion = 10.0.40219.1
Project("{9A19103F-16F7-4668-BE54-9A1E7A4F7556}") = "Battleship2.Core", "Battleship2.Core\Battleship2.Core.csproj", "{84FE8700-E7F0-4C06-862E-DD3893741B83}"
EndProject
Project("{9A19103F-16F7-4668-BE54-9A1E7A4F7556}") = "Battleship2.Data", "Battleship2.Data\Battleship2.Data.csproj", "{6CFD647F-3613-4BCC-8D8E-4C3286167EDB}"
EndProject
Project("{9A19103F-16F7-4668-BE54-9A1E7A4F7556}") = "Battleship2.MVC", "Battleship2.MVC\Battleship2.MVC.csproj", "{DB3A1D75-D1B8-4850-82F1-B4F157459658}"
EndProject
Project("{9A19103F-16F7-4668-BE54-9A1E7A4F7556}") = "BattleShip2.BusinessLogic", "BattleShip2.BusinessLogic\BattleShip2.BusinessLogic.csproj", "{995F1F8F-14CA-425E-801C-F1B6828E1C87}"
EndProject
Project("{9A19103F-16F7-4668-BE54-9A1E7A4F7556}") = "Battleship2.Tests", "Battleship2.Tests\Battleship2.Tests.csproj", "{0BA29BFA-21FD-4B86-B56A-746CE8A7FC9C}"
EndProject
Project("{2150E333-8FDC-42A3-9474-1A3956D46DE8}") = "Solution Items", "Solution Items", "{2F9775C0-D10C-40F7-B84C-881339DF3519}"
	ProjectSection(SolutionItems) = preProject
		package.json = package.json
	EndProjectSection
EndProject
Global
	GlobalSection(SolutionConfigurationPlatforms) = preSolution
		Debug|Any CPU = Debug|Any CPU
		Release|Any CPU = Release|Any CPU
	EndGlobalSection
	GlobalSection(ProjectConfigurationPlatforms) = postSolution
		{84FE8700-E7F0-4C06-862E-DD3893741B83}.Debug|Any CPU.ActiveCfg = Debug|Any CPU
		{84FE8700-E7F0-4C06-862E-DD3893741B83}.Debug|Any CPU.Build.0 = Debug|Any CPU
		{84FE8700-E7F0-4C06-862E-DD3893741B83}.Release|Any CPU.ActiveCfg = Release|Any CPU
		{84FE8700-E7F0-4C06-862E-DD3893741B83}.Release|Any CPU.Build.0 = Release|Any CPU
		{6CFD647F-3613-4BCC-8D8E-4C3286167EDB}.Debug|Any CPU.ActiveCfg = Debug|Any CPU
		{6CFD647F-3613-4BCC-8D8E-4C3286167EDB}.Debug|Any CPU.Build.0 = Debug|Any CPU
		{6CFD647F-3613-4BCC-8D8E-4C3286167EDB}.Release|Any CPU.ActiveCfg = Release|Any CPU
		{6CFD647F-3613-4BCC-8D8E-4C3286167EDB}.Release|Any CPU.Build.0 = Release|Any CPU
		{DB3A1D75-D1B8-4850-82F1-B4F157459658}.Debug|Any CPU.ActiveCfg = Debug|Any CPU
		{DB3A1D75-D1B8-4850-82F1-B4F157459658}.Debug|Any CPU.Build.0 = Debug|Any CPU
		{DB3A1D75-D1B8-4850-82F1-B4F157459658}.Release|Any CPU.ActiveCfg = Release|Any CPU
		{DB3A1D75-D1B8-4850-82F1-B4F157459658}.Release|Any CPU.Build.0 = Release|Any CPU
		{995F1F8F-14CA-425E-801C-F1B6828E1C87}.Debug|Any CPU.ActiveCfg = Debug|Any CPU
		{995F1F8F-14CA-425E-801C-F1B6828E1C87}.Debug|Any CPU.Build.0 = Debug|Any CPU
		{995F1F8F-14CA-425E-801C-F1B6828E1C87}.Release|Any CPU.ActiveCfg = Release|Any CPU
		{995F1F8F-14CA-425E-801C-F1B6828E1C87}.Release|Any CPU.Build.0 = Release|Any CPU
		{0BA29BFA-21FD-4B86-B56A-746CE8A7FC9C}.Debug|Any CPU.ActiveCfg = Debug|Any CPU
		{0BA29BFA-21FD-4B86-B56A-746CE8A7FC9C}.Debug|Any CPU.Build.0 = Debug|Any CPU
		{0BA29BFA-21FD-4B86-B56A-746CE8A7FC9C}.Release|Any CPU.ActiveCfg = Release|Any CPU
		{0BA29BFA-21FD-4B86-B56A-746CE8A7FC9C}.Release|Any CPU.Build.0 = Release|Any CPU
	EndGlobalSection
	GlobalSection(SolutionProperties) = preSolution
		HideSolutionNode = FALSE
	EndGlobalSection
	GlobalSection(ExtensibilityGlobals) = postSolution
		SolutionGuid = {DB10CA8E-9E6A-4754-A9D4-408169A90D66}
	EndGlobalSection
EndGlobal
